
Microsoft Visual Studio Solution File, Format Version 12.00
# Visual Studio 2013
VisualStudioVersion = 12.0.31101.0
MinimumVisualStudioVersion = 10.0.40219.1
Project("{2150E333-8FDC-42A3-9474-1A3956D46DE8}") = "Solution Items", "Solution Items", "{3FF5ED00-B1D5-44C1-87A9-249DF0566D2A}"
	ProjectSection(SolutionItems) = preProject
		Readme.md = Readme.md
	EndProjectSection
EndProject
Project("{FAE04EC0-301F-11D3-BF4B-00C04F79EFBC}") = "Invoicer", "Invoicer\Invoicer.csproj", "{E5BA227E-4AFE-448A-B879-A2784B3FC97C}"
EndProject
Project("{FAE04EC0-301F-11D3-BF4B-00C04F79EFBC}") = "Invoicer.Console", "Invoicer.Console\Invoicer.Console.csproj", "{E7CD7592-86C8-447E-BE01-BF979D7B4894}"
EndProject
Global
	GlobalSection(SolutionConfigurationPlatforms) = preSolution
		Debug|Any CPU = Debug|Any CPU
		Release|Any CPU = Release|Any CPU
	EndGlobalSection
	GlobalSection(ProjectConfigurationPlatforms) = postSolution
		{E5BA227E-4AFE-448A-B879-A2784B3FC97C}.Debug|Any CPU.ActiveCfg = Debug|Any CPU
		{E5BA227E-4AFE-448A-B879-A2784B3FC97C}.Debug|Any CPU.Build.0 = Debug|Any CPU
		{E5BA227E-4AFE-448A-B879-A2784B3FC97C}.Release|Any CPU.ActiveCfg = Release|Any CPU
		{E5BA227E-4AFE-448A-B879-A2784B3FC97C}.Release|Any CPU.Build.0 = Release|Any CPU
		{E7CD7592-86C8-447E-BE01-BF979D7B4894}.Debug|Any CPU.ActiveCfg = Debug|Any CPU
		{E7CD7592-86C8-447E-BE01-BF979D7B4894}.Debug|Any CPU.Build.0 = Debug|Any CPU
		{E7CD7592-86C8-447E-BE01-BF979D7B4894}.Release|Any CPU.ActiveCfg = Release|Any CPU
		{E7CD7592-86C8-447E-BE01-BF979D7B4894}.Release|Any CPU.Build.0 = Release|Any CPU
	EndGlobalSection
	GlobalSection(SolutionProperties) = preSolution
		HideSolutionNode = FALSE
	EndGlobalSection
EndGlobal
